
Microsoft Visual Studio Solution File, Format Version 12.00
# Visual Studio 15
VisualStudioVersion = 15.0.27703.2026
MinimumVisualStudioVersion = 10.0.40219.1
Project("{00D1A9C2-B5F0-4AF3-8072-F6C62B433612}") = "CommunityMgmtDb", "CommunityMgmtDb\CommunityMgmtDb.sqlproj", "{CEDA29D6-796F-474E-A03B-1D2822FDEF73}"
EndProject
Project("{9A19103F-16F7-4668-BE54-9A1E7A4F7556}") = "CommunityMgmtPortal", "CommunityMgmtPortal\CommunityMgmtPortal.csproj", "{49787442-CC9F-45EF-91C4-1602B31A09C2}"
EndProject
Project("{FAE04EC0-301F-11D3-BF4B-00C04F79EFBC}") = "CommunityMgmtDataModel", "CommunityMgmtDataModel\CommunityMgmtDataModel.csproj", "{B6BB63BE-A498-4F8A-BAFC-2A299239C01B}"
EndProject
Global
	GlobalSection(SolutionConfigurationPlatforms) = preSolution
		Debug|Any CPU = Debug|Any CPU
		Release|Any CPU = Release|Any CPU
	EndGlobalSection
	GlobalSection(ProjectConfigurationPlatforms) = postSolution
		{CEDA29D6-796F-474E-A03B-1D2822FDEF73}.Debug|Any CPU.ActiveCfg = Debug|Any CPU
		{CEDA29D6-796F-474E-A03B-1D2822FDEF73}.Debug|Any CPU.Build.0 = Debug|Any CPU
		{CEDA29D6-796F-474E-A03B-1D2822FDEF73}.Debug|Any CPU.Deploy.0 = Debug|Any CPU
		{CEDA29D6-796F-474E-A03B-1D2822FDEF73}.Release|Any CPU.ActiveCfg = Release|Any CPU
		{CEDA29D6-796F-474E-A03B-1D2822FDEF73}.Release|Any CPU.Build.0 = Release|Any CPU
		{CEDA29D6-796F-474E-A03B-1D2822FDEF73}.Release|Any CPU.Deploy.0 = Release|Any CPU
		{49787442-CC9F-45EF-91C4-1602B31A09C2}.Debug|Any CPU.ActiveCfg = Debug|Any CPU
		{49787442-CC9F-45EF-91C4-1602B31A09C2}.Debug|Any CPU.Build.0 = Debug|Any CPU
		{49787442-CC9F-45EF-91C4-1602B31A09C2}.Release|Any CPU.ActiveCfg = Release|Any CPU
		{49787442-CC9F-45EF-91C4-1602B31A09C2}.Release|Any CPU.Build.0 = Release|Any CPU
		{B6BB63BE-A498-4F8A-BAFC-2A299239C01B}.Debug|Any CPU.ActiveCfg = Debug|Any CPU
		{B6BB63BE-A498-4F8A-BAFC-2A299239C01B}.Debug|Any CPU.Build.0 = Debug|Any CPU
		{B6BB63BE-A498-4F8A-BAFC-2A299239C01B}.Release|Any CPU.ActiveCfg = Release|Any CPU
		{B6BB63BE-A498-4F8A-BAFC-2A299239C01B}.Release|Any CPU.Build.0 = Release|Any CPU
	EndGlobalSection
	GlobalSection(SolutionProperties) = preSolution
		HideSolutionNode = FALSE
	EndGlobalSection
	GlobalSection(ExtensibilityGlobals) = postSolution
		SolutionGuid = {341DB687-FC52-46CA-BCFA-E8B8F57C0474}
	EndGlobalSection
EndGlobal
