
Microsoft Visual Studio Solution File, Format Version 12.00
# Visual Studio 15
VisualStudioVersion = 15.0.27004.2006
MinimumVisualStudioVersion = 10.0.40219.1
Project("{FAE04EC0-301F-11D3-BF4B-00C04F79EFBC}") = "FactsDatabase", "FactsDatabase\FactsDatabase.csproj", "{CCE7DD1C-3153-4CD9-BB98-02A3DD4310AB}"
EndProject
Global
	GlobalSection(SolutionConfigurationPlatforms) = preSolution
		Debug|Any CPU = Debug|Any CPU
		Release|Any CPU = Release|Any CPU
	EndGlobalSection
	GlobalSection(ProjectConfigurationPlatforms) = postSolution
		{CCE7DD1C-3153-4CD9-BB98-02A3DD4310AB}.Debug|Any CPU.ActiveCfg = Debug|Any CPU
		{CCE7DD1C-3153-4CD9-BB98-02A3DD4310AB}.Debug|Any CPU.Build.0 = Debug|Any CPU
		{CCE7DD1C-3153-4CD9-BB98-02A3DD4310AB}.Release|Any CPU.ActiveCfg = Release|Any CPU
		{CCE7DD1C-3153-4CD9-BB98-02A3DD4310AB}.Release|Any CPU.Build.0 = Release|Any CPU
	EndGlobalSection
	GlobalSection(SolutionProperties) = preSolution
		HideSolutionNode = FALSE
	EndGlobalSection
	GlobalSection(ExtensibilityGlobals) = postSolution
		SolutionGuid = {38A01A5E-6025-4FB7-A488-87646A09B71B}
	EndGlobalSection
EndGlobal
